
Microsoft Visual Studio Solution File, Format Version 12.00
# Visual Studio Version 16
VisualStudioVersion = 16.0.30804.86
MinimumVisualStudioVersion = 10.0.40219.1
Project("{FAE04EC0-301F-11D3-BF4B-00C04F79EFBC}") = "DisposingIssue", "DisposingIssue\DisposingIssue.csproj", "{6477BE79-DA99-40ED-B448-0CAF6B6A8B10}"
EndProject
Project("{FAE04EC0-301F-11D3-BF4B-00C04F79EFBC}") = "TestWcfOnNetStandard", "TestWcfOnNetStandard\TestWcfOnNetStandard.csproj", "{D53A9BDD-0FF0-4D72-A5A9-A48D6DBD4329}"
EndProject
Project("{FAE04EC0-301F-11D3-BF4B-00C04F79EFBC}") = "NetStandard20ToWcf", "NetStandard20ToWcf\NetStandard20ToWcf.csproj", "{AF26DB41-47DC-47A2-8FD7-377FEBE6B6C7}"
EndProject
Project("{FAE04EC0-301F-11D3-BF4B-00C04F79EFBC}") = "TestCallWcfFrom48", "TestCallWcfFrom48\TestCallWcfFrom48.csproj", "{E302BF61-F798-4E93-9F92-D09F7472178B}"
EndProject
Project("{FAE04EC0-301F-11D3-BF4B-00C04F79EFBC}") = "BetenboughStandard20", "BetenboughStandard20\BetenboughStandard20.csproj", "{D8B6ED18-8986-4264-9979-BF8398F63D71}"
EndProject
Project("{FAE04EC0-301F-11D3-BF4B-00C04F79EFBC}") = "Betenbough48", "Betenbough48\Betenbough48.csproj", "{53C6FA36-9C2C-4ED9-947B-03D3DE67EB94}"
EndProject
Project("{FAE04EC0-301F-11D3-BF4B-00C04F79EFBC}") = "TestCallWcfFromAspNet48", "TestCallWcfFromAspNet48\TestCallWcfFromAspNet48.csproj", "{84A00A91-3805-4E72-BA32-EA551BD302CE}"
EndProject
Project("{FAE04EC0-301F-11D3-BF4B-00C04F79EFBC}") = "WebApi31", "WebApi31\WebApi31.csproj", "{F8F9972B-5410-440D-88C9-7CBAF1358A0A}"
EndProject
Global
	GlobalSection(SolutionConfigurationPlatforms) = preSolution
		Debug|Any CPU = Debug|Any CPU
		Release|Any CPU = Release|Any CPU
	EndGlobalSection
	GlobalSection(ProjectConfigurationPlatforms) = postSolution
		{6477BE79-DA99-40ED-B448-0CAF6B6A8B10}.Debug|Any CPU.ActiveCfg = Debug|Any CPU
		{6477BE79-DA99-40ED-B448-0CAF6B6A8B10}.Debug|Any CPU.Build.0 = Debug|Any CPU
		{6477BE79-DA99-40ED-B448-0CAF6B6A8B10}.Release|Any CPU.ActiveCfg = Release|Any CPU
		{6477BE79-DA99-40ED-B448-0CAF6B6A8B10}.Release|Any CPU.Build.0 = Release|Any CPU
		{D53A9BDD-0FF0-4D72-A5A9-A48D6DBD4329}.Debug|Any CPU.ActiveCfg = Debug|Any CPU
		{D53A9BDD-0FF0-4D72-A5A9-A48D6DBD4329}.Debug|Any CPU.Build.0 = Debug|Any CPU
		{D53A9BDD-0FF0-4D72-A5A9-A48D6DBD4329}.Release|Any CPU.ActiveCfg = Release|Any CPU
		{D53A9BDD-0FF0-4D72-A5A9-A48D6DBD4329}.Release|Any CPU.Build.0 = Release|Any CPU
		{AF26DB41-47DC-47A2-8FD7-377FEBE6B6C7}.Debug|Any CPU.ActiveCfg = Debug|Any CPU
		{AF26DB41-47DC-47A2-8FD7-377FEBE6B6C7}.Debug|Any CPU.Build.0 = Debug|Any CPU
		{AF26DB41-47DC-47A2-8FD7-377FEBE6B6C7}.Release|Any CPU.ActiveCfg = Release|Any CPU
		{AF26DB41-47DC-47A2-8FD7-377FEBE6B6C7}.Release|Any CPU.Build.0 = Release|Any CPU
		{E302BF61-F798-4E93-9F92-D09F7472178B}.Debug|Any CPU.ActiveCfg = Debug|Any CPU
		{E302BF61-F798-4E93-9F92-D09F7472178B}.Debug|Any CPU.Build.0 = Debug|Any CPU
		{E302BF61-F798-4E93-9F92-D09F7472178B}.Release|Any CPU.ActiveCfg = Release|Any CPU
		{E302BF61-F798-4E93-9F92-D09F7472178B}.Release|Any CPU.Build.0 = Release|Any CPU
		{D8B6ED18-8986-4264-9979-BF8398F63D71}.Debug|Any CPU.ActiveCfg = Debug|Any CPU
		{D8B6ED18-8986-4264-9979-BF8398F63D71}.Debug|Any CPU.Build.0 = Debug|Any CPU
		{D8B6ED18-8986-4264-9979-BF8398F63D71}.Release|Any CPU.ActiveCfg = Release|Any CPU
		{D8B6ED18-8986-4264-9979-BF8398F63D71}.Release|Any CPU.Build.0 = Release|Any CPU
		{53C6FA36-9C2C-4ED9-947B-03D3DE67EB94}.Debug|Any CPU.ActiveCfg = Debug|Any CPU
		{53C6FA36-9C2C-4ED9-947B-03D3DE67EB94}.Debug|Any CPU.Build.0 = Debug|Any CPU
		{53C6FA36-9C2C-4ED9-947B-03D3DE67EB94}.Release|Any CPU.ActiveCfg = Release|Any CPU
		{53C6FA36-9C2C-4ED9-947B-03D3DE67EB94}.Release|Any CPU.Build.0 = Release|Any CPU
		{84A00A91-3805-4E72-BA32-EA551BD302CE}.Debug|Any CPU.ActiveCfg = Debug|Any CPU
		{84A00A91-3805-4E72-BA32-EA551BD302CE}.Debug|Any CPU.Build.0 = Debug|Any CPU
		{84A00A91-3805-4E72-BA32-EA551BD302CE}.Release|Any CPU.ActiveCfg = Release|Any CPU
		{84A00A91-3805-4E72-BA32-EA551BD302CE}.Release|Any CPU.Build.0 = Release|Any CPU
		{F8F9972B-5410-440D-88C9-7CBAF1358A0A}.Debug|Any CPU.ActiveCfg = Debug|Any CPU
		{F8F9972B-5410-440D-88C9-7CBAF1358A0A}.Debug|Any CPU.Build.0 = Debug|Any CPU
		{F8F9972B-5410-440D-88C9-7CBAF1358A0A}.Release|Any CPU.ActiveCfg = Release|Any CPU
		{F8F9972B-5410-440D-88C9-7CBAF1358A0A}.Release|Any CPU.Build.0 = Release|Any CPU
	EndGlobalSection
	GlobalSection(SolutionProperties) = preSolution
		HideSolutionNode = FALSE
	EndGlobalSection
	GlobalSection(ExtensibilityGlobals) = postSolution
		SolutionGuid = {ED5F2B22-9D3E-4F66-B38D-24CDEE11B1A5}
	EndGlobalSection
EndGlobal
